
Microsoft Visual Studio Solution File, Format Version 12.00
# Visual Studio Version 16
VisualStudioVersion = 16.0.32228.343
MinimumVisualStudioVersion = 10.0.40219.1
Project("{FAE04EC0-301F-11D3-BF4B-00C04F79EFBC}") = "TestProject", "TestProject\TestProject.csproj", "{235F1703-1DC8-4F8F-B27C-83952A48A98F}"
EndProject
Global
	GlobalSection(SolutionConfigurationPlatforms) = preSolution
		Debug|Any CPU = Debug|Any CPU
		Release|Any CPU = Release|Any CPU
	EndGlobalSection
	GlobalSection(ProjectConfigurationPlatforms) = postSolution
		{235F1703-1DC8-4F8F-B27C-83952A48A98F}.Debug|Any CPU.ActiveCfg = Debug|Any CPU
		{235F1703-1DC8-4F8F-B27C-83952A48A98F}.Debug|Any CPU.Build.0 = Debug|Any CPU
		{235F1703-1DC8-4F8F-B27C-83952A48A98F}.Release|Any CPU.ActiveCfg = Release|Any CPU
		{235F1703-1DC8-4F8F-B27C-83952A48A98F}.Release|Any CPU.Build.0 = Release|Any CPU
	EndGlobalSection
	GlobalSection(SolutionProperties) = preSolution
		HideSolutionNode = FALSE
	EndGlobalSection
	GlobalSection(ExtensibilityGlobals) = postSolution
		SolutionGuid = {590C6AA4-05AE-46C3-8ADA-9FEBB651A4AF}
	EndGlobalSection
EndGlobal
